
Microsoft Visual Studio Solution File, Format Version 12.00
# Visual Studio Version 17
VisualStudioVersion = 17.5.33414.496
MinimumVisualStudioVersion = 10.0.40219.1
Project("{8BC9CEB8-8B4A-11D0-8D11-00A0C91BC942}") = "ConsoleApplication2", "ConsoleApplication2\ConsoleApplication2.vcxproj", "{C2FC0C11-1828-4A3C-B336-2CAB3B514E58}"
EndProject
Project("{8BC9CEB8-8B4A-11D0-8D11-00A0C91BC942}") = "ConsoleApplication1", "ConsoleApplication1\ConsoleApplication1.vcxproj", "{F0A6E039-F0FF-41B3-A77D-3F51BCC2254F}"
EndProject
Project("{8BC9CEB8-8B4A-11D0-8D11-00A0C91BC942}") = "ConsoleApplication3", "ConsoleApplication3\ConsoleApplication3.vcxproj", "{DCC5CE02-3896-41A3-BA6D-4E2391E41083}"
EndProject
Project("{8BC9CEB8-8B4A-11D0-8D11-00A0C91BC942}") = "ConsoleApplication4", "ConsoleApplication4\ConsoleApplication4.vcxproj", "{A361EC21-1691-4BEC-B7B9-62725040B158}"
EndProject
Project("{8BC9CEB8-8B4A-11D0-8D11-00A0C91BC942}") = "ConsoleApplication5", "ConsoleApplication5\ConsoleApplication5.vcxproj", "{CF506719-3BEE-43B4-B7EF-05576E1FB9F9}"
EndProject
Global
	GlobalSection(SolutionConfigurationPlatforms) = preSolution
		Debug|x64 = Debug|x64
		Debug|x86 = Debug|x86
		Release|x64 = Release|x64
		Release|x86 = Release|x86
	EndGlobalSection
	GlobalSection(ProjectConfigurationPlatforms) = postSolution
		{C2FC0C11-1828-4A3C-B336-2CAB3B514E58}.Debug|x64.ActiveCfg = Debug|x64
		{C2FC0C11-1828-4A3C-B336-2CAB3B514E58}.Debug|x64.Build.0 = Debug|x64
		{C2FC0C11-1828-4A3C-B336-2CAB3B514E58}.Debug|x86.ActiveCfg = Debug|Win32
		{C2FC0C11-1828-4A3C-B336-2CAB3B514E58}.Debug|x86.Build.0 = Debug|Win32
		{C2FC0C11-1828-4A3C-B336-2CAB3B514E58}.Release|x64.ActiveCfg = Release|x64
		{C2FC0C11-1828-4A3C-B336-2CAB3B514E58}.Release|x64.Build.0 = Release|x64
		{C2FC0C11-1828-4A3C-B336-2CAB3B514E58}.Release|x86.ActiveCfg = Release|Win32
		{C2FC0C11-1828-4A3C-B336-2CAB3B514E58}.Release|x86.Build.0 = Release|Win32
		{F0A6E039-F0FF-41B3-A77D-3F51BCC2254F}.Debug|x64.ActiveCfg = Debug|x64
		{F0A6E039-F0FF-41B3-A77D-3F51BCC2254F}.Debug|x64.Build.0 = Debug|x64
		{F0A6E039-F0FF-41B3-A77D-3F51BCC2254F}.Debug|x86.ActiveCfg = Debug|Win32
		{F0A6E039-F0FF-41B3-A77D-3F51BCC2254F}.Debug|x86.Build.0 = Debug|Win32
		{F0A6E039-F0FF-41B3-A77D-3F51BCC2254F}.Release|x64.ActiveCfg = Release|x64
		{F0A6E039-F0FF-41B3-A77D-3F51BCC2254F}.Release|x64.Build.0 = Release|x64
		{F0A6E039-F0FF-41B3-A77D-3F51BCC2254F}.Release|x86.ActiveCfg = Release|Win32
		{F0A6E039-F0FF-41B3-A77D-3F51BCC2254F}.Release|x86.Build.0 = Release|Win32
		{DCC5CE02-3896-41A3-BA6D-4E2391E41083}.Debug|x64.ActiveCfg = Debug|x64
		{DCC5CE02-3896-41A3-BA6D-4E2391E41083}.Debug|x64.Build.0 = Debug|x64
		{DCC5CE02-3896-41A3-BA6D-4E2391E41083}.Debug|x86.ActiveCfg = Debug|Win32
		{DCC5CE02-3896-41A3-BA6D-4E2391E41083}.Debug|x86.Build.0 = Debug|Win32
		{DCC5CE02-3896-41A3-BA6D-4E2391E41083}.Release|x64.ActiveCfg = Release|x64
		{DCC5CE02-3896-41A3-BA6D-4E2391E41083}.Release|x64.Build.0 = Release|x64
		{DCC5CE02-3896-41A3-BA6D-4E2391E41083}.Release|x86.ActiveCfg = Release|Win32
		{DCC5CE02-3896-41A3-BA6D-4E2391E41083}.Release|x86.Build.0 = Release|Win32
		{A361EC21-1691-4BEC-B7B9-62725040B158}.Debug|x64.ActiveCfg = Debug|x64
		{A361EC21-1691-4BEC-B7B9-62725040B158}.Debug|x64.Build.0 = Debug|x64
		{A361EC21-1691-4BEC-B7B9-62725040B158}.Debug|x86.ActiveCfg = Debug|Win32
		{A361EC21-1691-4BEC-B7B9-62725040B158}.Debug|x86.Build.0 = Debug|Win32
		{A361EC21-1691-4BEC-B7B9-62725040B158}.Release|x64.ActiveCfg = Release|x64
		{A361EC21-1691-4BEC-B7B9-62725040B158}.Release|x64.Build.0 = Release|x64
		{A361EC21-1691-4BEC-B7B9-62725040B158}.Release|x86.ActiveCfg = Release|Win32
		{A361EC21-1691-4BEC-B7B9-62725040B158}.Release|x86.Build.0 = Release|Win32
		{CF506719-3BEE-43B4-B7EF-05576E1FB9F9}.Debug|x64.ActiveCfg = Debug|x64
		{CF506719-3BEE-43B4-B7EF-05576E1FB9F9}.Debug|x64.Build.0 = Debug|x64
		{CF506719-3BEE-43B4-B7EF-05576E1FB9F9}.Debug|x86.ActiveCfg = Debug|Win32
		{CF506719-3BEE-43B4-B7EF-05576E1FB9F9}.Debug|x86.Build.0 = Debug|Win32
		{CF506719-3BEE-43B4-B7EF-05576E1FB9F9}.Release|x64.ActiveCfg = Release|x64
		{CF506719-3BEE-43B4-B7EF-05576E1FB9F9}.Release|x64.Build.0 = Release|x64
		{CF506719-3BEE-43B4-B7EF-05576E1FB9F9}.Release|x86.ActiveCfg = Release|Win32
		{CF506719-3BEE-43B4-B7EF-05576E1FB9F9}.Release|x86.Build.0 = Release|Win32
	EndGlobalSection
	GlobalSection(SolutionProperties) = preSolution
		HideSolutionNode = FALSE
	EndGlobalSection
	GlobalSection(ExtensibilityGlobals) = postSolution
		SolutionGuid = {E2B0D4EC-D5AD-4666-BAFF-40A6CDCAD437}
	EndGlobalSection
EndGlobal
